lockfile_version: '1'
generated_at: '2026-08-31T02:23:26.503611+00:00'
apm_version: 0.29.0
dependencies:
- repo_url: addyosmani/agent-skills
  name: code-simplification
  host: github.com
  resolved_commit: f63ec56a3cc936408d792956ae583c3c96a825bd
  resolved_ref: main
  version: unknown
  virtual_path: skills/code-simplification
  is_virtual: true
  package_type: claude_skill
  deployed_files:
  - .agents/skills/code-simplification
  - .agents/skills/code-simplification/SKILL.md
  deployed_file_hashes:
    .agents/skills/code-simplification/SKILL.md: sha256:f0c5ed754057eb0c1e027e2587f59de816651feb5e837242296c43ea21cf621d
  content_hash: sha256:7973e746e8e2ea5004d520da970c15a106824b8d6be1bcff48908aec021f3677
- repo_url: github/awesome-copilot
  name: dependabot
  host: github.com
  resolved_commit: 797cf9f830cc216aa66bb509543c8c93b3ba47d1
  resolved_ref: main
  version: unknown
  virtual_path: skills/dependabot
  is_virtual: true
  package_type: claude_skill
  deployed_files:
  - .agents/skills/dependabot
  - .agents/skills/dependabot/SKILL.md
  - .agents/skills/dependabot/references/dependabot-yml-reference.md
  - .agents/skills/dependabot/references/example-configs.md
  - .agents/skills/dependabot/references/pr-commands.md
  deployed_file_hashes:
    .agents/skills/dependabot/SKILL.md: sha256:2b5f3af7d8a5555d330d4d72ba9ad6140e85215d006dd9d7a92ee0dae76bbf82
    .agents/skills/dependabot/references/dependabot-yml-reference.md: sha256:c3b101d7e200a215211c9e23157ddfb1c051e437815b4d5a3d9bc13e504d6ed6
    .agents/skills/dependabot/references/example-configs.md: sha256:35375699cfbaa372b68a232a2704f88a190e1267f937e1f1921e8d83c97485ca
    .agents/skills/dependabot/references/pr-commands.md: sha256:471a786456c798364d13c0da554c12c712c581986b7f4a1de95d8b3638fd21cb
  content_hash: sha256:fae18b0bdde8dfbb5d18c4e2945d899ea2d1445a3c4ad507abd363b7e22306fa
- repo_url: github/awesome-copilot
  name: git-commit
  host: github.com
  resolved_commit: 797cf9f830cc216aa66bb509543c8c93b3ba47d1
  resolved_ref: main
  version: unknown
  virtual_path: skills/git-commit
  is_virtual: true
  package_type: claude_skill
  deployed_files:
  - .agents/skills/git-commit
  - .agents/skills/git-commit/SKILL.md
  deployed_file_hashes:
    .agents/skills/git-commit/SKILL.md: sha256:554d1a3c6d95f15bc1170160659ecdc9a9958b64f377f3988941b672c249b13f
  content_hash: sha256:2607fc60629b82b257136dd2a7a373f0a4466c0b49df7746d845d59313c99b21
- repo_url: github/awesome-copilot
  name: github-actions-hardening
  host: github.com
  resolved_commit: 797cf9f830cc216aa66bb509543c8c93b3ba47d1
  resolved_ref: main
  version: unknown
  virtual_path: skills/github-actions-hardening
  is_virtual: true
  package_type: claude_skill
  deployed_files:
  - .agents/skills/github-actions-hardening
  - .agents/skills/github-actions-hardening/SKILL.md
  - .agents/skills/github-actions-hardening/references/injection.md
  - .agents/skills/github-actions-hardening/references/permissions-and-tokens.md
  - .agents/skills/github-actions-hardening/references/report-format.md
  - .agents/skills/github-actions-hardening/references/supply-chain.md
  - .agents/skills/github-actions-hardening/references/triggers-and-privilege.md
  deployed_file_hashes:
    .agents/skills/github-actions-hardening/SKILL.md: sha256:31a8e7483d978e6267941edefebbe42aaa946bb3d43c9095aa3db343d4a8ff06
    .agents/skills/github-actions-hardening/references/injection.md: sha256:ebd6ef8d39ba6f1cd3dc13051e6ed4163d1d2ba36518cf0f7393836a211e58ff
    .agents/skills/github-actions-hardening/references/permissions-and-tokens.md: sha256:7272d00b20cf99c6fcbf34346f76730907c00701aef44bb9cfb7ab3eecac336b
    .agents/skills/github-actions-hardening/references/report-format.md: sha256:3ecd2442e173bc001f858747873349be7c6c77050470b87ae516647908b1e86e
    .agents/skills/github-actions-hardening/references/supply-chain.md: sha256:f66f613dbd732ce87c1e76b88208efde8feae3ffe5a3ab405cde4ce3df66f605
    .agents/skills/github-actions-hardening/references/triggers-and-privilege.md: sha256:465f3f76517e9f5374a73e30f46cb47e1fe62ce9fd81f782808a3abbb2df2756
  content_hash: sha256:d826005e7e1f7792531836c747c78df9e9caac534dd027b8ad872725340e5df2
- repo_url: merill/msgraph
  name: msgraph
  host: github.com
  resolved_commit: df182e808818a32883593b506ffd04a93b73a604
  resolved_ref: main
  version: unknown
  virtual_path: skills/msgraph
  is_virtual: true
  package_type: claude_skill
  deployed_files:
  - .agents/skills/msgraph
  - .agents/skills/msgraph/CONTRIBUTING.md
  - .agents/skills/msgraph/SKILL.md
  - .agents/skills/msgraph/references/REFERENCE.md
  - .agents/skills/msgraph/references/api-docs-index.db
  - .agents/skills/msgraph/references/api-docs-index.json
  - .agents/skills/msgraph/references/docs/advanced-queries.md
  - .agents/skills/msgraph/references/docs/authentication.md
  - .agents/skills/msgraph/references/docs/batching.md
  - .agents/skills/msgraph/references/docs/best-practices.md
  - .agents/skills/msgraph/references/docs/errors.md
  - .agents/skills/msgraph/references/docs/paging.md
  - .agents/skills/msgraph/references/docs/query-parameters.md
  - .agents/skills/msgraph/references/docs/throttling.md
  - .agents/skills/msgraph/references/graph-api-index.db
  - .agents/skills/msgraph/references/graph-api-index.json
  - .agents/skills/msgraph/references/samples-index.db
  - .agents/skills/msgraph/references/samples-index.json
  - .agents/skills/msgraph/scripts/bin/msgraph_darwin_amd64
  - .agents/skills/msgraph/scripts/bin/msgraph_darwin_arm64
  - .agents/skills/msgraph/scripts/bin/msgraph_linux_amd64
  - .agents/skills/msgraph/scripts/bin/msgraph_linux_arm64
  - .agents/skills/msgraph/scripts/bin/msgraph_windows_amd64.exe
  - .agents/skills/msgraph/scripts/bin/msgraph_windows_arm64.exe
  - .agents/skills/msgraph/scripts/run.ps1
  - .agents/skills/msgraph/scripts/run.sh
  deployed_file_hashes:
    .agents/skills/msgraph/CONTRIBUTING.md: sha256:60dc9074eedcb06cb29845a4ab6d41866f357be6b8d810e8c84408788e2babf0
    .agents/skills/msgraph/SKILL.md: sha256:b4763f6ae89a4e2843ca5bfe15fddf49f5924e20054ff5d7fb7e43a2df3df67e
    .agents/skills/msgraph/references/REFERENCE.md: sha256:61639bb509391df6e65762355c87ef53c98f544d04e4455fd17f571c6732b5d7
    .agents/skills/msgraph/references/api-docs-index.db: sha256:cff5397f029abd0b57fc0b885d8c448fec3d3aeea8459a09de96ad7fa91615d0
    .agents/skills/msgraph/references/api-docs-index.json: sha256:702ab8537752c8745a4bd52558e498f36ae62aa6e772b1c128a5a71683fb7f1f
    .agents/skills/msgraph/references/docs/advanced-queries.md: sha256:89ac64478ca6539412ce66d5f6ac2f76f3c88ff709c8bee7c81da0d79017345e
    .agents/skills/msgraph/references/docs/authentication.md: sha256:dae0fca55119fd89a9b719705d5263aa4705215c1de57d0bf33627d30c9d7c42
    .agents/skills/msgraph/references/docs/batching.md: sha256:f5132b3027554ededc2ba6b116a47187df4c408be5ddbb273ff7653352e60e3b
    .agents/skills/msgraph/references/docs/best-practices.md: sha256:7f853ecd97d70b59abdd5ff37af2086ee236ac612959c2d0f2c60c0df149cded
    .agents/skills/msgraph/references/docs/errors.md: sha256:2c297ff319457b717c4d38948444e3586960d4669ad65fc4e38f7d36138a0d8b
    .agents/skills/msgraph/references/docs/paging.md: sha256:f1b76a08cde517b495023098385b63fdf921eb3dc5e374b4f285e71786feb716
    .agents/skills/msgraph/references/docs/query-parameters.md: sha256:f20ddb64c70f3b94c224882cb57bfc1541df6b2bb74532a5e16cb83ca94b6cd3
    .agents/skills/msgraph/references/docs/throttling.md: sha256:cb6db141e600f3c433c80e8f21a6840b1ed83237d7c73f2b0144de37225b0a85
    .agents/skills/msgraph/references/graph-api-index.db: sha256:9d07c1ca3b9bfc723ea3665e3e5936799815730bd75fd2628cb17b882f039cd0
    .agents/skills/msgraph/references/graph-api-index.json: sha256:41d93c788104f40c01011c78335c2adfde30b4cff268fc4292fb71f5241a85bf
    .agents/skills/msgraph/references/samples-index.db: sha256:17843a1afe4a3479e6372192d93c2872ba5ad68451637183fda075968f3a29ca
    .agents/skills/msgraph/references/samples-index.json: sha256:fb0da55c746fbfaca5f6f2066dcbee5b06f74a212970c457800cab8bb422d20b
    .agents/skills/msgraph/scripts/bin/msgraph_darwin_amd64: sha256:9114a140380c1bf67569b4bc99c61c3581a9633e1ddcdf65e428b5f797ea2fb0
    .agents/skills/msgraph/scripts/bin/msgraph_darwin_arm64: sha256:3a92b70f8d3790e82664c2acea7bf8fa75e6d907c85f896098a98c1533e3e8bc
    .agents/skills/msgraph/scripts/bin/msgraph_linux_amd64: sha256:170b65df956470a7476ccc16c84e3bcc43ae43d739901535532bb4bea795e2f6
    .agents/skills/msgraph/scripts/bin/msgraph_linux_arm64: sha256:1ea9093931ef137ab32262857f9ce4f5f828bd9306a6297fc36fb5626803fcba
    .agents/skills/msgraph/scripts/bin/msgraph_windows_amd64.exe: sha256:101f8a4ae443a189128d0aa3c773baa8c15c99f5d93dd0933e5cc99dc3edf29c
    .agents/skills/msgraph/scripts/bin/msgraph_windows_arm64.exe: sha256:f3c8fb32e9e03537781f274860e21438d6f9ce16cddae64eedfd608743184230
    .agents/skills/msgraph/scripts/run.ps1: sha256:208a0323c85c94c8b8f23d974a92fb37dab77c44de5638fb3e7688e00d761cbb
    .agents/skills/msgraph/scripts/run.sh: sha256:ef3545fee5e2f2654cedf32ed543ba2e496109c1eb90ea6f915fd9bcf4abd51b
  content_hash: sha256:8ed71bf25cbe8809da3cb71b4a6d529f8748271e9725c43d9f47a5061879a7b4
deployments:
- kind: project-relative
  target: agents
  value: .agents/skills/a11y
  runtime: null
  scope: project
  owners:
  - .
  active_owner: .
  content_hash: null
- kind: project-relative
  target: agents
  value: .agents/skills/a11y/SKILL.md
  runtime: null
  scope: project
  owners:
  - .
  active_owner: .
  content_hash: sha256:96d578e9646cd80ff6e1bedb26069222ad37b473960f3c0cc069716484b22553
- kind: project-relative
  target: agents
  value: .agents/skills/agent-safety
  runtime: null
  scope: project
  owners:
  - .
  active_owner: .
  content_hash: null
- kind: project-relative
  target: agents
  value: .agents/skills/agent-safety/SKILL.md
  runtime: null
  scope: project
  owners:
  - .
  active_owner: .
  content_hash: sha256:2dc7898d11fb55a1a042d46e6e60800d0f948253c5216efa3e470e8914cc84ab
- kind: project-relative
  target: agents
  value: .agents/skills/ansible
  runtime: null
  scope: project
  owners:
  - .
  active_owner: .
  content_hash: null
- kind: project-relative
  target: agents
  value: .agents/skills/ansible/SKILL.md
  runtime: null
  scope: project
  owners:
  - .
  active_owner: .
  content_hash: sha256:a79531195a9bdf942b301edf1588c8814ceb976557f4f0cb79bd9aa79e59d52e
- kind: project-relative
  target: agents
  value: .agents/skills/powershell-module-engineering
  runtime: null
  scope: project
  owners:
  - .
  active_owner: .
  content_hash: null
- kind: project-relative
  target: agents
  value: .agents/skills/powershell-module-engineering/SKILL.md
  runtime: null
  scope: project
  owners:
  - .
  active_owner: .
  content_hash: sha256:801cecfd42aeb32f3fd6083d9af08f44c8a5ca48202761533c072a10c06060c9
- kind: project-relative
  target: agents
  value: .agents/skills/powershell-pester-6
  runtime: null
  scope: project
  owners:
  - .
  active_owner: .
  content_hash: null
- kind: project-relative
  target: agents
  value: .agents/skills/powershell-pester-6/SKILL.md
  runtime: null
  scope: project
  owners:
  - .
  active_owner: .
  content_hash: sha256:279824abf07feb466fd5deaab79fc872609d5674502bcfa51b31f2909874efab
- kind: project-relative
  target: codex
  value: .agents/skills/code-simplification
  runtime: null
  scope: project
  owners:
  - addyosmani/agent-skills/skills/code-simplification
  active_owner: addyosmani/agent-skills/skills/code-simplification
  content_hash: null
- kind: project-relative
  target: codex
  value: .agents/skills/code-simplification/SKILL.md
  runtime: null
  scope: project
  owners:
  - addyosmani/agent-skills/skills/code-simplification
  active_owner: addyosmani/agent-skills/skills/code-simplification
  content_hash: sha256:f0c5ed754057eb0c1e027e2587f59de816651feb5e837242296c43ea21cf621d
- kind: project-relative
  target: codex
  value: .agents/skills/dependabot
  runtime: null
  scope: project
  owners:
  - github/awesome-copilot/skills/dependabot
  active_owner: github/awesome-copilot/skills/dependabot
  content_hash: null
- kind: project-relative
  target: codex
  value: .agents/skills/dependabot/SKILL.md
  runtime: null
  scope: project
  owners:
  - github/awesome-copilot/skills/dependabot
  active_owner: github/awesome-copilot/skills/dependabot
  content_hash: sha256:2b5f3af7d8a5555d330d4d72ba9ad6140e85215d006dd9d7a92ee0dae76bbf82
- kind: project-relative
  target: codex
  value: .agents/skills/dependabot/references/dependabot-yml-reference.md
  runtime: null
  scope: project
  owners:
  - github/awesome-copilot/skills/dependabot
  active_owner: github/awesome-copilot/skills/dependabot
  content_hash: sha256:c3b101d7e200a215211c9e23157ddfb1c051e437815b4d5a3d9bc13e504d6ed6
- kind: project-relative
  target: codex
  value: .agents/skills/dependabot/references/example-configs.md
  runtime: null
  scope: project
  owners:
  - github/awesome-copilot/skills/dependabot
  active_owner: github/awesome-copilot/skills/dependabot
  content_hash: sha256:35375699cfbaa372b68a232a2704f88a190e1267f937e1f1921e8d83c97485ca
- kind: project-relative
  target: codex
  value: .agents/skills/dependabot/references/pr-commands.md
  runtime: null
  scope: project
  owners:
  - github/awesome-copilot/skills/dependabot
  active_owner: github/awesome-copilot/skills/dependabot
  content_hash: sha256:471a786456c798364d13c0da554c12c712c581986b7f4a1de95d8b3638fd21cb
- kind: project-relative
  target: codex
  value: .agents/skills/git-commit
  runtime: null
  scope: project
  owners:
  - github/awesome-copilot/skills/git-commit
  active_owner: github/awesome-copilot/skills/git-commit
  content_hash: null
- kind: project-relative
  target: codex
  value: .agents/skills/git-commit/SKILL.md
  runtime: null
  scope: project
  owners:
  - github/awesome-copilot/skills/git-commit
  active_owner: github/awesome-copilot/skills/git-commit
  content_hash: sha256:554d1a3c6d95f15bc1170160659ecdc9a9958b64f377f3988941b672c249b13f
- kind: project-relative
  target: codex
  value: .agents/skills/github-actions-hardening
  runtime: null
  scope: project
  owners:
  - github/awesome-copilot/skills/github-actions-hardening
  active_owner: github/awesome-copilot/skills/github-actions-hardening
  content_hash: null
- kind: project-relative
  target: codex
  value: .agents/skills/github-actions-hardening/SKILL.md
  runtime: null
  scope: project
  owners:
  - github/awesome-copilot/skills/github-actions-hardening
  active_owner: github/awesome-copilot/skills/github-actions-hardening
  content_hash: sha256:31a8e7483d978e6267941edefebbe42aaa946bb3d43c9095aa3db343d4a8ff06
- kind: project-relative
  target: codex
  value: .agents/skills/github-actions-hardening/references/injection.md
  runtime: null
  scope: project
  owners:
  - github/awesome-copilot/skills/github-actions-hardening
  active_owner: github/awesome-copilot/skills/github-actions-hardening
  content_hash: sha256:ebd6ef8d39ba6f1cd3dc13051e6ed4163d1d2ba36518cf0f7393836a211e58ff
- kind: project-relative
  target: codex
  value: .agents/skills/github-actions-hardening/references/permissions-and-tokens.md
  runtime: null
  scope: project
  owners:
  - github/awesome-copilot/skills/github-actions-hardening
  active_owner: github/awesome-copilot/skills/github-actions-hardening
  content_hash: sha256:7272d00b20cf99c6fcbf34346f76730907c00701aef44bb9cfb7ab3eecac336b
- kind: project-relative
  target: codex
  value: .agents/skills/github-actions-hardening/references/report-format.md
  runtime: null
  scope: project
  owners:
  - github/awesome-copilot/skills/github-actions-hardening
  active_owner: github/awesome-copilot/skills/github-actions-hardening
  content_hash: sha256:3ecd2442e173bc001f858747873349be7c6c77050470b87ae516647908b1e86e
- kind: project-relative
  target: codex
  value: .agents/skills/github-actions-hardening/references/supply-chain.md
  runtime: null
  scope: project
  owners:
  - github/awesome-copilot/skills/github-actions-hardening
  active_owner: github/awesome-copilot/skills/github-actions-hardening
  content_hash: sha256:f66f613dbd732ce87c1e76b88208efde8feae3ffe5a3ab405cde4ce3df66f605
- kind: project-relative
  target: codex
  value: .agents/skills/github-actions-hardening/references/triggers-and-privilege.md
  runtime: null
  scope: project
  owners:
  - github/awesome-copilot/skills/github-actions-hardening
  active_owner: github/awesome-copilot/skills/github-actions-hardening
  content_hash: sha256:465f3f76517e9f5374a73e30f46cb47e1fe62ce9fd81f782808a3abbb2df2756
- kind: project-relative
  target: codex
  value: .agents/skills/msgraph
  runtime: null
  scope: project
  owners:
  - merill/msgraph/skills/msgraph
  active_owner: merill/msgraph/skills/msgraph
  content_hash: null
- kind: project-relative
  target: codex
  value: .agents/skills/msgraph/CONTRIBUTING.md
  runtime: null
  scope: project
  owners:
  - merill/msgraph/skills/msgraph
  active_owner: merill/msgraph/skills/msgraph
  content_hash: sha256:60dc9074eedcb06cb29845a4ab6d41866f357be6b8d810e8c84408788e2babf0
- kind: project-relative
  target: codex
  value: .agents/skills/msgraph/SKILL.md
  runtime: null
  scope: project
  owners:
  - merill/msgraph/skills/msgraph
  active_owner: merill/msgraph/skills/msgraph
  content_hash: sha256:b4763f6ae89a4e2843ca5bfe15fddf49f5924e20054ff5d7fb7e43a2df3df67e
- kind: project-relative
  target: codex
  value: .agents/skills/msgraph/references/REFERENCE.md
  runtime: null
  scope: project
  owners:
  - merill/msgraph/skills/msgraph
  active_owner: merill/msgraph/skills/msgraph
  content_hash: sha256:61639bb509391df6e65762355c87ef53c98f544d04e4455fd17f571c6732b5d7
- kind: project-relative
  target: codex
  value: .agents/skills/msgraph/references/api-docs-index.db
  runtime: null
  scope: project
  owners:
  - merill/msgraph/skills/msgraph
  active_owner: merill/msgraph/skills/msgraph
  content_hash: sha256:cff5397f029abd0b57fc0b885d8c448fec3d3aeea8459a09de96ad7fa91615d0
- kind: project-relative
  target: codex
  value: .agents/skills/msgraph/references/api-docs-index.json
  runtime: null
  scope: project
  owners:
  - merill/msgraph/skills/msgraph
  active_owner: merill/msgraph/skills/msgraph
  content_hash: sha256:702ab8537752c8745a4bd52558e498f36ae62aa6e772b1c128a5a71683fb7f1f
- kind: project-relative
  target: codex
  value: .agents/skills/msgraph/references/docs/advanced-queries.md
  runtime: null
  scope: project
  owners:
  - merill/msgraph/skills/msgraph
  active_owner: merill/msgraph/skills/msgraph
  content_hash: sha256:89ac64478ca6539412ce66d5f6ac2f76f3c88ff709c8bee7c81da0d79017345e
- kind: project-relative
  target: codex
  value: .agents/skills/msgraph/references/docs/authentication.md
  runtime: null
  scope: project
  owners:
  - merill/msgraph/skills/msgraph
  active_owner: merill/msgraph/skills/msgraph
  content_hash: sha256:dae0fca55119fd89a9b719705d5263aa4705215c1de57d0bf33627d30c9d7c42
- kind: project-relative
  target: codex
  value: .agents/skills/msgraph/references/docs/batching.md
  runtime: null
  scope: project
  owners:
  - merill/msgraph/skills/msgraph
  active_owner: merill/msgraph/skills/msgraph
  content_hash: sha256:f5132b3027554ededc2ba6b116a47187df4c408be5ddbb273ff7653352e60e3b
- kind: project-relative
  target: codex
  value: .agents/skills/msgraph/references/docs/best-practices.md
  runtime: null
  scope: project
  owners:
  - merill/msgraph/skills/msgraph
  active_owner: merill/msgraph/skills/msgraph
  content_hash: sha256:7f853ecd97d70b59abdd5ff37af2086ee236ac612959c2d0f2c60c0df149cded
- kind: project-relative
  target: codex
  value: .agents/skills/msgraph/references/docs/errors.md
  runtime: null
  scope: project
  owners:
  - merill/msgraph/skills/msgraph
  active_owner: merill/msgraph/skills/msgraph
  content_hash: sha256:2c297ff319457b717c4d38948444e3586960d4669ad65fc4e38f7d36138a0d8b
- kind: project-relative
  target: codex
  value: .agents/skills/msgraph/references/docs/paging.md
  runtime: null
  scope: project
  owners:
  - merill/msgraph/skills/msgraph
  active_owner: merill/msgraph/skills/msgraph
  content_hash: sha256:f1b76a08cde517b495023098385b63fdf921eb3dc5e374b4f285e71786feb716
- kind: project-relative
  target: codex
  value: .agents/skills/msgraph/references/docs/query-parameters.md
  runtime: null
  scope: project
  owners:
  - merill/msgraph/skills/msgraph
  active_owner: merill/msgraph/skills/msgraph
  content_hash: sha256:f20ddb64c70f3b94c224882cb57bfc1541df6b2bb74532a5e16cb83ca94b6cd3
- kind: project-relative
  target: codex
  value: .agents/skills/msgraph/references/docs/throttling.md
  runtime: null
  scope: project
  owners:
  - merill/msgraph/skills/msgraph
  active_owner: merill/msgraph/skills/msgraph
  content_hash: sha256:cb6db141e600f3c433c80e8f21a6840b1ed83237d7c73f2b0144de37225b0a85
- kind: project-relative
  target: codex
  value: .agents/skills/msgraph/references/graph-api-index.db
  runtime: null
  scope: project
  owners:
  - merill/msgraph/skills/msgraph
  active_owner: merill/msgraph/skills/msgraph
  content_hash: sha256:9d07c1ca3b9bfc723ea3665e3e5936799815730bd75fd2628cb17b882f039cd0
- kind: project-relative
  target: codex
  value: .agents/skills/msgraph/references/graph-api-index.json
  runtime: null
  scope: project
  owners:
  - merill/msgraph/skills/msgraph
  active_owner: merill/msgraph/skills/msgraph
  content_hash: sha256:41d93c788104f40c01011c78335c2adfde30b4cff268fc4292fb71f5241a85bf
- kind: project-relative
  target: codex
  value: .agents/skills/msgraph/references/samples-index.db
  runtime: null
  scope: project
  owners:
  - merill/msgraph/skills/msgraph
  active_owner: merill/msgraph/skills/msgraph
  content_hash: sha256:17843a1afe4a3479e6372192d93c2872ba5ad68451637183fda075968f3a29ca
- kind: project-relative
  target: codex
  value: .agents/skills/msgraph/references/samples-index.json
  runtime: null
  scope: project
  owners:
  - merill/msgraph/skills/msgraph
  active_owner: merill/msgraph/skills/msgraph
  content_hash: sha256:fb0da55c746fbfaca5f6f2066dcbee5b06f74a212970c457800cab8bb422d20b
- kind: project-relative
  target: codex
  value: .agents/skills/msgraph/scripts/bin/msgraph_darwin_amd64
  runtime: null
  scope: project
  owners:
  - merill/msgraph/skills/msgraph
  active_owner: merill/msgraph/skills/msgraph
  content_hash: sha256:9114a140380c1bf67569b4bc99c61c3581a9633e1ddcdf65e428b5f797ea2fb0
- kind: project-relative
  target: codex
  value: .agents/skills/msgraph/scripts/bin/msgraph_darwin_arm64
  runtime: null
  scope: project
  owners:
  - merill/msgraph/skills/msgraph
  active_owner: merill/msgraph/skills/msgraph
  content_hash: sha256:3a92b70f8d3790e82664c2acea7bf8fa75e6d907c85f896098a98c1533e3e8bc
- kind: project-relative
  target: codex
  value: .agents/skills/msgraph/scripts/bin/msgraph_linux_amd64
  runtime: null
  scope: project
  owners:
  - merill/msgraph/skills/msgraph
  active_owner: merill/msgraph/skills/msgraph
  content_hash: sha256:170b65df956470a7476ccc16c84e3bcc43ae43d739901535532bb4bea795e2f6
- kind: project-relative
  target: codex
  value: .agents/skills/msgraph/scripts/bin/msgraph_linux_arm64
  runtime: null
  scope: project
  owners:
  - merill/msgraph/skills/msgraph
  active_owner: merill/msgraph/skills/msgraph
  content_hash: sha256:1ea9093931ef137ab32262857f9ce4f5f828bd9306a6297fc36fb5626803fcba
- kind: project-relative
  target: codex
  value: .agents/skills/msgraph/scripts/bin/msgraph_windows_amd64.exe
  runtime: null
  scope: project
  owners:
  - merill/msgraph/skills/msgraph
  active_owner: merill/msgraph/skills/msgraph
  content_hash: sha256:101f8a4ae443a189128d0aa3c773baa8c15c99f5d93dd0933e5cc99dc3edf29c
- kind: project-relative
  target: codex
  value: .agents/skills/msgraph/scripts/bin/msgraph_windows_arm64.exe
  runtime: null
  scope: project
  owners:
  - merill/msgraph/skills/msgraph
  active_owner: merill/msgraph/skills/msgraph
  content_hash: sha256:f3c8fb32e9e03537781f274860e21438d6f9ce16cddae64eedfd608743184230
- kind: project-relative
  target: codex
  value: .agents/skills/msgraph/scripts/run.ps1
  runtime: null
  scope: project
  owners:
  - merill/msgraph/skills/msgraph
  active_owner: merill/msgraph/skills/msgraph
  content_hash: sha256:208a0323c85c94c8b8f23d974a92fb37dab77c44de5638fb3e7688e00d761cbb
- kind: project-relative
  target: codex
  value: .agents/skills/msgraph/scripts/run.sh
  runtime: null
  scope: project
  owners:
  - merill/msgraph/skills/msgraph
  active_owner: merill/msgraph/skills/msgraph
  content_hash: sha256:ef3545fee5e2f2654cedf32ed543ba2e496109c1eb90ea6f915fd9bcf4abd51b
- kind: project-relative
  target: copilot
  value: .github/instructions/personal.instructions.md
  runtime: null
  scope: project
  owners:
  - .
  active_owner: .
  content_hash: sha256:0c6768cb8e5af568a1a0fcd6a3becd8ba8e72742684aa0d44d8c8bd0c5d05890
local_deployed_files:
- .agents/skills/a11y
- .agents/skills/a11y/SKILL.md
- .agents/skills/agent-safety
- .agents/skills/agent-safety/SKILL.md
- .agents/skills/ansible
- .agents/skills/ansible/SKILL.md
- .agents/skills/powershell-module-engineering
- .agents/skills/powershell-module-engineering/SKILL.md
- .agents/skills/powershell-pester-6
- .agents/skills/powershell-pester-6/SKILL.md
- .github/instructions/personal.instructions.md
local_deployed_file_hashes:
  .agents/skills/a11y/SKILL.md: sha256:96d578e9646cd80ff6e1bedb26069222ad37b473960f3c0cc069716484b22553
  .agents/skills/agent-safety/SKILL.md: sha256:2dc7898d11fb55a1a042d46e6e60800d0f948253c5216efa3e470e8914cc84ab
  .agents/skills/ansible/SKILL.md: sha256:a79531195a9bdf942b301edf1588c8814ceb976557f4f0cb79bd9aa79e59d52e
  .agents/skills/powershell-module-engineering/SKILL.md: sha256:801cecfd42aeb32f3fd6083d9af08f44c8a5ca48202761533c072a10c06060c9
  .agents/skills/powershell-pester-6/SKILL.md: sha256:279824abf07feb466fd5deaab79fc872609d5674502bcfa51b31f2909874efab
  .github/instructions/personal.instructions.md: sha256:0c6768cb8e5af568a1a0fcd6a3becd8ba8e72742684aa0d44d8c8bd0c5d05890
